// !$*UTF8*$!
{
	archiveVersion = 1;
	classes = {
	};
	objectVersion = 55;
	objects = {

/* Begin PBXBuildFile section */
		B8CA68A0276CF80C006BD263 /* AppDelegate.swift in Sources */ = {isa = PBXBuildFile; fileRef = B8CA689F276CF80C006BD263 /* AppDelegate.swift */; };
		B8CA68A2276CF80C006BD263 /* SceneDelegate.swift in Sources */ = {isa = PBXBuildFile; fileRef = B8CA68A1276CF80C006BD263 /* SceneDelegate.swift */; };
		B8CA68A4276CF80C006BD263 /* ViewController.swift in Sources */ = {isa = PBXBuildFile; fileRef = B8CA68A3276CF80C006BD263 /* ViewController.swift */; };
		B8CA68A7276CF80C006BD263 /* Main.storyboard in Resources */ = {isa = PBXBuildFile; fileRef = B8CA68A5276CF80C006BD263 /* Main.storyboard */; };
		B8CA68A9276CF80F006BD263 /* Assets.xcassets in Resources */ = {isa = PBXBuildFile; fileRef = B8CA68A8276CF80F006BD263 /* Assets.xcassets */; };
		B8CA68AC276CF80F006BD263 /* LaunchScreen.storyboard in Resources */ = {isa = PBXBuildFile; fileRef = B8CA68AA276CF80F006BD263 /* LaunchScreen.storyboard */; };
		B8CA68B7276CF80F006BD263 /* FibonacciHomeworkTests.swift in Sources */ = {isa = PBXBuildFile; fileRef = B8CA68B6276CF80F006BD263 /* FibonacciHomeworkTests.swift */; };
		B8CA68C1276CF80F006BD263 /* FibonacciHomeworkUITests.swift in Sources */ = {isa = PBXBuildFile; fileRef = B8CA68C0276CF80F006BD263 /* FibonacciHomeworkUITests.swift */; };
		B8CA68C3276CF80F006BD263 /* FibonacciHomeworkUITestsLaunchTests.swift in Sources */ = {isa = PBXBuildFile; fileRef = B8CA68C2276CF80F006BD263 /* FibonacciHomeworkUITestsLaunchTests.swift */; };
/* End PBXBuildFile section */

/* Begin PBXContainerItemProxy section */
		B8CA68B3276CF80F006BD263 /* PBXContainerItemProxy */ = {
			isa = PBXContainerItemProxy;
			containerPortal = B8CA6894276CF80C006BD263 /* Project object */;
			proxyType = 1;
			remoteGlobalIDString = B8CA689B276CF80C006BD263;
			remoteInfo = FibonacciHomework;
		};
		B8CA68BD276CF80F006BD263 /* PBXContainerItemProxy */ = {
			isa = PBXContainerItemProxy;
			containerPortal = B8CA6894276CF80C006BD263 /* Project object */;
			proxyType = 1;
			remoteGlobalIDString = B8CA689B276CF80C006BD263;
			remoteInfo = FibonacciHomework;
		};
/* End PBXContainerItemProxy section */

/* Begin PBXFileReference section */
		B8CA689C276CF80C006BD263 /* FibonacciHomework.app */ = {isa = PBXFileReference; explicitFileType = wrapper.application; includeInIndex = 0; path = FibonacciHomework.app; sourceTree = BUILT_PRODUCTS_DIR; };
		B8CA689F276CF80C006BD263 /* AppDelegate.swift */ = {isa = PBXFileReference; lastKnownFileType = sourcecode.swift; path = AppDelegate.swift; sourceTree = "<group>"; };
		B8CA68A1276CF80C006BD263 /* SceneDelegate.swift */ = {isa = PBXFileReference; lastKnownFileType = sourcecode.swift; path = SceneDelegate.swift; sourceTree = "<group>"; };
		B8CA68A3276CF80C006BD263 /* ViewController.swift */ = {isa = PBXFileReference; lastKnownFileType = sourcecode.swift; path = ViewController.swift; sourceTree = "<group>"; };
		B8CA68A6276CF80C006BD263 /* Base */ = {isa = PBXFileReference; lastKnownFileType = file.storyboard; name = Base; path = Base.lproj/Main.storyboard; sourceTree = "<group>"; };
		B8CA68A8276CF80F006BD263 /* Assets.xcassets */ = {isa = PBXFileReference; lastKnownFileType = folder.assetcatalog; path = Assets.xcassets; sourceTree = "<group>"; };
		B8CA68AB276CF80F006BD263 /* Base */ = {isa = PBXFileReference; lastKnownFileType = file.storyboard; name = Base; path = Base.lproj/LaunchScreen.storyboard; sourceTree = "<group>"; };
		B8CA68AD276CF80F006BD263 /* Info.plist */ = {isa = PBXFileReference; lastKnownFileType = text.plist.xml; path = Info.plist; sourceTree = "<group>"; };
		B8CA68B2276CF80F006BD263 /* FibonacciHomeworkTests.xctest */ = {isa = PBXFileReference; explicitFileType = wrapper.cfbundle; includeInIndex = 0; path = FibonacciHomeworkTests.xctest; sourceTree = BUILT_PRODUCTS_DIR; };
		B8CA68B6276CF80F006BD263 /* FibonacciHomeworkTests.swift */ = {isa = PBXFileReference; lastKnownFileType = sourcecode.swift; path = FibonacciHomeworkTests.swift; sourceTree = "<group>"; };
		B8CA68BC276CF80F006BD263 /* FibonacciHomeworkUITests.xctest */ = {isa = PBXFileReference; explicitFileType = wrapper.cfbundle; includeInIndex = 0; path = FibonacciHomeworkUITests.xctest; sourceTree = BUILT_PRODUCTS_DIR; };
		B8CA68C0276CF80F006BD263 /* FibonacciHomeworkUITests.swift */ = {isa = PBXFileReference; lastKnownFileType = sourcecode.swift; path = FibonacciHomeworkUITests.swift; sourceTree = "<group>"; };
		B8CA68C2276CF80F006BD263 /* FibonacciHomeworkUITestsLaunchTests.swift */ = {isa = PBXFileReference; lastKnownFileType = sourcecode.swift; path = FibonacciHomeworkUITestsLaunchTests.swift; sourceTree = "<group>"; };
/* End PBXFileReference section */

/* Begin PBXFrameworksBuildPhase section */
		B8CA6899276CF80C006BD263 /* Frameworks */ = {
			isa = PBXFrameworksBuildPhase;
			buildActionMask = 2147483647;
			files = (
			);
			runOnlyForDeploymentPostprocessing = 0;
		};
		B8CA68AF276CF80F006BD263 /* Frameworks */ = {
			isa = PBXFrameworksBuildPhase;
			buildActionMask = 2147483647;
			files = (
			);
			runOnlyForDeploymentPostprocessing = 0;
		};
		B8CA68B9276CF80F006BD263 /* Frameworks */ = {
			isa = PBXFrameworksBuildPhase;
			buildActionMask = 2147483647;
			files = (
			);
			runOnlyForDeploymentPostprocessing = 0;
		};
/* End PBXFrameworksBuildPhase section */

/* Begin PBXGroup section */
		B8CA6893276CF80C006BD263 = {
			isa = PBXGroup;
			children = (
				B8CA689E276CF80C006BD263 /* FibonacciHomework */,
				B8CA68B5276CF80F006BD263 /* FibonacciHomeworkTests */,
				B8CA68BF276CF80F006BD263 /* FibonacciHomeworkUITests */,
				B8CA689D276CF80C006BD263 /* Products */,
			);
			sourceTree = "<group>";
		};
		B8CA689D276CF80C006BD263 /* Products */ = {
			isa = PBXGroup;
			children = (
				B8CA689C276CF80C006BD263 /* FibonacciHomework.app */,
				B8CA68B2276CF80F006BD263 /* FibonacciHomeworkTests.xctest */,
				B8CA68BC276CF80F006BD263 /* FibonacciHomeworkUITests.xctest */,
			);
			name = Products;
			sourceTree = "<group>";
		};
		B8CA689E276CF80C006BD263 /* FibonacciHomework */ = {
			isa = PBXGroup;
			children = (
				B8CA689F276CF80C006BD263 /* AppDelegate.swift */,
				B8CA68A1276CF80C006BD263 /* SceneDelegate.swift */,
				B8CA68A3276CF80C006BD263 /* ViewController.swift */,
				B8CA68A5276CF80C006BD263 /* Main.storyboard */,
				B8CA68A8276CF80F006BD263 /* Assets.xcassets */,
				B8CA68AA276CF80F006BD263 /* LaunchScreen.storyboard */,
				B8CA68AD276CF80F006BD263 /* Info.plist */,
			);
			path = FibonacciHomework;
			sourceTree = "<group>";
		};
		B8CA68B5276CF80F006BD263 /* FibonacciHomeworkTests */ = {
			isa = PBXGroup;
			children = (
				B8CA68B6276CF80F006BD263 /* FibonacciHomeworkTests.swift */,
			);
			path = FibonacciHomeworkTests;
			sourceTree = "<group>";
		};
		B8CA68BF276CF80F006BD263 /* FibonacciHomeworkUITests */ = {
			isa = PBXGroup;
			children = (
				B8CA68C0276CF80F006BD263 /* FibonacciHomeworkUITests.swift */,
				B8CA68C2276CF80F006BD263 /* FibonacciHomeworkUITestsLaunchTests.swift */,
			);
			path = FibonacciHomeworkUITests;
			sourceTree = "<group>";
		};
/* End PBXGroup section */

/* Begin PBXNativeTarget section */
		B8CA689B276CF80C006BD263 /* FibonacciHomework */ = {
			isa = PBXNativeTarget;
			buildConfigurationList = B8CA68C6276CF80F006BD263 /* Build configuration list for PBXNativeTarget "FibonacciHomework" */;
			buildPhases = (
				B8CA6898276CF80C006BD263 /* Sources */,
				B8CA6899276CF80C006BD263 /* Frameworks */,
				B8CA689A276CF80C006BD263 /* Resources */,
			);
			buildRules = (
			);
			dependencies = (
			);
			name = FibonacciHomework;
			productName = FibonacciHomework;
			productReference = B8CA689C276CF80C006BD263 /* FibonacciHomework.app */;
			productType = "com.apple.product-type.application";
		};
		B8CA68B1276CF80F006BD263 /* FibonacciHomeworkTests */ = {
			isa = PBXNativeTarget;
			buildConfigurationList = B8CA68C9276CF80F006BD263 /* Build configuration list for PBXNativeTarget "FibonacciHomeworkTests" */;
			buildPhases = (
				B8CA68AE276CF80F006BD263 /* Sources */,
				B8CA68AF276CF80F006BD263 /* Frameworks */,
				B8CA68B0276CF80F006BD263 /* Resources */,
			);
			buildRules = (
			);
			dependencies = (
				B8CA68B4276CF80F006BD263 /* PBXTargetDependency */,
			);
			name = FibonacciHomeworkTests;
			productName = FibonacciHomeworkTests;
			productReference = B8CA68B2276CF80F006BD263 /* FibonacciHomeworkTests.xctest */;
			productType = "com.apple.product-type.bundle.unit-test";
		};
		B8CA68BB276CF80F006BD263 /* FibonacciHomeworkUITests */ = {
			isa = PBXNativeTarget;
			buildConfigurationList = B8CA68CC276CF80F006BD263 /* Build configuration list for PBXNativeTarget "FibonacciHomeworkUITests" */;
			buildPhases = (
				B8CA68B8276CF80F006BD263 /* Sources */,
				B8CA68B9276CF80F006BD263 /* Frameworks */,
				B8CA68BA276CF80F006BD263 /* Resources */,
			);
			buildRules = (
			);
			dependencies = (
				B8CA68BE276CF80F006BD263 /* PBXTargetDependency */,
			);
			name = FibonacciHomeworkUITests;
			productName = FibonacciHomeworkUITests;
			productReference = B8CA68BC276CF80F006BD263 /* FibonacciHomeworkUITests.xctest */;
			productType = "com.apple.product-type.bundle.ui-testing";
		};
/* End PBXNativeTarget section */

/* Begin PBXProject section */
		B8CA6894276CF80C006BD263 /* Project object */ = {
			isa = PBXProject;
			attributes = {
				BuildIndependentTargetsInParallel = 1;
				LastSwiftUpdateCheck = 1310;
				LastUpgradeCheck = 1310;
				TargetAttributes = {
					B8CA689B276CF80C006BD263 = {
						CreatedOnToolsVersion = 13.1;
					};
					B8CA68B1276CF80F006BD263 = {
						CreatedOnToolsVersion = 13.1;
						TestTargetID = B8CA689B276CF80C006BD263;
					};
					B8CA68BB276CF80F006BD263 = {
						CreatedOnToolsVersion = 13.1;
						TestTargetID = B8CA689B276CF80C006BD263;
					};
				};
			};
			buildConfigurationList = B8CA6897276CF80C006BD263 /* Build configuration list for PBXProject "FibonacciHomework" */;
			compatibilityVersion = "Xcode 13.0";
			developmentRegion = en;
			hasScannedForEncodings = 0;
			knownRegions = (
				en,
				Base,
			);
			mainGroup = B8CA6893276CF80C006BD263;
			productRefGroup = B8CA689D276CF80C006BD263 /* Products */;
			projectDirPath = "";
			projectRoot = "";
			targets = (
				B8CA689B276CF80C006BD263 /* FibonacciHomework */,
				B8CA68B1276CF80F006BD263 /* FibonacciHomeworkTests */,
				B8CA68BB276CF80F006BD263 /* FibonacciHomeworkUITests */,
			);
		};
/* End PBXProject section */

/* Begin PBXResourcesBuildPhase section */
		B8CA689A276CF80C006BD263 /* Resources */ = {
			isa = PBXResourcesBuildPhase;
			buildActionMask = 2147483647;
			files = (
				B8CA68AC276CF80F006BD263 /* LaunchScreen.storyboard in Resources */,
				B8CA68A9276CF80F006BD263 /* Assets.xcassets in Resources */,
				B8CA68A7276CF80C006BD263 /* Main.storyboard in Resources */,
			);
			runOnlyForDeploymentPostprocessing = 0;
		};
		B8CA68B0276CF80F006BD263 /* Resources */ = {
			isa = PBXResourcesBuildPhase;
			buildActionMask = 2147483647;
			files = (
			);
			runOnlyForDeploymentPostprocessing = 0;
		};
		B8CA68BA276CF80F006BD263 /* Resources */ = {
			isa = PBXResourcesBuildPhase;
			buildActionMask = 2147483647;
			files = (
			);
			runOnlyForDeploymentPostprocessing = 0;
		};
/* End PBXResourcesBuildPhase section */

/* Begin PBXSourcesBuildPhase section */
		B8CA6898276CF80C006BD263 /* Sources */ = {
			isa = PBXSourcesBuildPhase;
			buildActionMask = 2147483647;
			files = (
				B8CA68A4276CF80C006BD263 /* ViewController.swift in Sources */,
				B8CA68A0276CF80C006BD263 /* AppDelegate.swift in Sources */,
				B8CA68A2276CF80C006BD263 /* SceneDelegate.swift in Sources */,
			);
			runOnlyForDeploymentPostprocessing = 0;
		};
		B8CA68AE276CF80F006BD263 /* Sources */ = {
			isa = PBXSourcesBuildPhase;
			buildActionMask = 2147483647;
			files = (
				B8CA68B7276CF80F006BD263 /* FibonacciHomeworkTests.swift in Sources */,
			);
			runOnlyForDeploymentPostprocessing = 0;
		};
		B8CA68B8276CF80F006BD263 /* Sources */ = {
			isa = PBXSourcesBuildPhase;
			buildActionMask = 2147483647;
			files = (
				B8CA68C1276CF80F006BD263 /* FibonacciHomeworkUITests.swift in Sources */,
				B8CA68C3276CF80F006BD263 /* FibonacciHomeworkUITestsLaunchTests.swift in Sources */,
			);
			runOnlyForDeploymentPostprocessing = 0;
		};
/* End PBXSourcesBuildPhase section */

/* Begin PBXTargetDependency section */
		B8CA68B4276CF80F006BD263 /* PBXTargetDependency */ = {
			isa = PBXTargetDependency;
			target = B8CA689B276CF80C006BD263 /* FibonacciHomework */;
			targetProxy = B8CA68B3276CF80F006BD263 /* PBXContainerItemProxy */;
		};
		B8CA68BE276CF80F006BD263 /* PBXTargetDependency */ = {
			isa = PBXTargetDependency;
			target = B8CA689B276CF80C006BD263 /* FibonacciHomework */;
			targetProxy = B8CA68BD276CF80F006BD263 /* PBXContainerItemProxy */;
		};
/* End PBXTargetDependency section */

/* Begin PBXVariantGroup section */
		B8CA68A5276CF80C006BD263 /* Main.storyboard */ = {
			isa = PBXVariantGroup;
			children = (
				B8CA68A6276CF80C006BD263 /* Base */,
			);
			name = Main.storyboard;
			sourceTree = "<group>";
		};
		B8CA68AA276CF80F006BD263 /* LaunchScreen.storyboard */ = {
			isa = PBXVariantGroup;
			children = (
				B8CA68AB276CF80F006BD263 /* Base */,
			);
			name = LaunchScreen.storyboard;
			sourceTree = "<group>";
		};
/* End PBXVariantGroup section */

/* Begin XCBuildConfiguration section */
		B8CA68C4276CF80F006BD263 /* Debug */ = {
			isa = XCBuildConfiguration;
			buildSettings = {
				ALWAYS_SEARCH_USER_PATHS = NO;
				CLANG_ANALYZER_NONNULL = YES;
				CLANG_ANALYZER_NUMBER_OBJECT_CONVERSION = YES_AGGRESSIVE;
				CLANG_CXX_LANGUAGE_STANDARD = "gnu++17";
				CLANG_CXX_LIBRARY = "libc++";
				CLANG_ENABLE_MODULES = YES;
				CLANG_ENABLE_OBJC_ARC = YES;
				CLANG_ENABLE_OBJC_WEAK = YES;
				CLANG_WARN_BLOCK_CAPTURE_AUTORELEASING = YES;
				CLANG_WARN_BOOL_CONVERSION = YES;
				CLANG_WARN_COMMA = YES;
				CLANG_WARN_CONSTANT_CONVERSION = YES;
				CLANG_WARN_DEPRECATED_OBJC_IMPLEMENTATIONS = YES;
				CLANG_WARN_DIRECT_OBJC_ISA_USAGE = YES_ERROR;
				CLANG_WARN_DOCUMENTATION_COMMENTS = YES;
				CLANG_WARN_EMPTY_BODY = YES;
				CLANG_WARN_ENUM_CONVERSION = YES;
				CLANG_WARN_INFINITE_RECURSION = YES;
				CLANG_WARN_INT_CONVERSION = YES;
				CLANG_WARN_NON_LITERAL_NULL_CONVERSION = YES;
				CLANG_WARN_OBJC_IMPLICIT_RETAIN_SELF = YES;
				CLANG_WARN_OBJC_LITERAL_CONVERSION = YES;
				CLANG_WARN_OBJC_ROOT_CLASS = YES_ERROR;
				CLANG_WARN_QUOTED_INCLUDE_IN_FRAMEWORK_HEADER = YES;
				CLANG_WARN_RANGE_LOOP_ANALYSIS = YES;
				CLANG_WARN_STRICT_PROTOTYPES = YES;
				CLANG_WARN_SUSPICIOUS_MOVE = YES;
				CLANG_WARN_UNGUARDED_AVAILABILITY = YES_AGGRESSIVE;
				CLANG_WARN_UNREACHABLE_CODE = YES;
				CLANG_WARN__DUPLICATE_METHOD_MATCH = YES;
				COPY_PHASE_STRIP = NO;
				DEBUG_INFORMATION_FORMAT = dwarf;
				ENABLE_STRICT_OBJC_MSGSEND = YES;
				ENABLE_TESTABILITY = YES;
				GCC_C_LANGUAGE_STANDARD = gnu11;
				GCC_DYNAMIC_NO_PIC = NO;
				GCC_NO_COMMON_BLOCKS = YES;
				GCC_OPTIMIZATION_LEVEL = 0;
				GCC_PREPROCESSOR_DEFINITIONS = (
					"DEBUG=1",
					"$(inherited)",
				);
				GCC_WARN_64_TO_32_BIT_CONVERSION = YES;
				GCC_WARN_ABOUT_RETURN_TYPE = YES_ERROR;
				GCC_WARN_UNDECLARED_SELECTOR = YES;
				GCC_WARN_UNINITIALIZED_AUTOS = YES_AGGRESSIVE;
				GCC_WARN_UNUSED_FUNCTION = YES;
				GCC_WARN_UNUSED_VARIABLE = YES;
				IPHONEOS_DEPLOYMENT_TARGET = 15.0;
				MTL_ENABLE_DEBUG_INFO = INCLUDE_SOURCE;
				MTL_FAST_MATH = YES;
				ONLY_ACTIVE_ARCH = YES;
				SDKROOT = iphoneos;
				SWIFT_ACTIVE_COMPILATION_CONDITIONS = DEBUG;
				SWIFT_OPTIMIZATION_LEVEL = "-Onone";
			};
			name = Debug;
		};
		B8CA68C5276CF80F006BD263 /* Release */ = {
			isa = XCBuildConfiguration;
			buildSettings = {
				ALWAYS_SEARCH_USER_PATHS = NO;
				CLANG_ANALYZER_NONNULL = YES;
				CLANG_ANALYZER_NUMBER_OBJECT_CONVERSION = YES_AGGRESSIVE;
				CLANG_CXX_LANGUAGE_STANDARD = "gnu++17";
				CLANG_CXX_LIBRARY = "libc++";
				CLANG_ENABLE_MODULES = YES;
				CLANG_ENABLE_OBJC_ARC = YES;
				CLANG_ENABLE_OBJC_WEAK = YES;
				CLANG_WARN_BLOCK_CAPTURE_AUTORELEASING = YES;
				CLANG_WARN_BOOL_CONVERSION = YES;
				CLANG_WARN_COMMA = YES;
				CLANG_WARN_CONSTANT_CONVERSION = YES;
				CLANG_WARN_DEPRECATED_OBJC_IMPLEMENTATIONS = YES;
				CLANG_WARN_DIRECT_OBJC_ISA_USAGE = YES_ERROR;
				CLANG_WARN_DOCUMENTATION_COMMENTS = YES;
				CLANG_WARN_EMPTY_BODY = YES;
				CLANG_WARN_ENUM_CONVERSION = YES;
				CLANG_WARN_INFINITE_RECURSION = YES;
				CLANG_WARN_INT_CONVERSION = YES;
				CLANG_WARN_NON_LITERAL_NULL_CONVERSION = YES;
				CLANG_WARN_OBJC_IMPLICIT_RETAIN_SELF = YES;
				CLANG_WARN_OBJC_LITERAL_CONVERSION = YES;
				CLANG_WARN_OBJC_ROOT_CLASS = YES_ERROR;
				CLANG_WARN_QUOTED_INCLUDE_IN_FRAMEWORK_HEADER = YES;
				CLANG_WARN_RANGE_LOOP_ANALYSIS = YES;
				CLANG_WARN_STRICT_PROTOTYPES = YES;
				CLANG_WARN_SUSPICIOUS_MOVE = YES;
				CLANG_WARN_UNGUARDED_AVAILABILITY = YES_AGGRESSIVE;
				CLANG_WARN_UNREACHABLE_CODE = YES;
				CLANG_WARN__DUPLICATE_METHOD_MATCH = YES;
				COPY_PHASE_STRIP = NO;
				DEBUG_INFORMATION_FORMAT = "dwarf-with-dsym";
				ENABLE_NS_ASSERTIONS = NO;
				ENABLE_STRICT_OBJC_MSGSEND = YES;
				GCC_C_LANGUAGE_STANDARD = gnu11;
				GCC_NO_COMMON_BLOCKS = YES;
				GCC_WARN_64_TO_32_BIT_CONVERSION = YES;
				GCC_WARN_ABOUT_RETURN_TYPE = YES_ERROR;
				GCC_WARN_UNDECLARED_SELECTOR = YES;
				GCC_WARN_UNINITIALIZED_AUTOS = YES_AGGRESSIVE;
				GCC_WARN_UNUSED_FUNCTION = YES;
				GCC_WARN_UNUSED_VARIABLE = YES;
				IPHONEOS_DEPLOYMENT_TARGET = 15.0;
				MTL_ENABLE_DEBUG_INFO = NO;
				MTL_FAST_MATH = YES;
				SDKROOT = iphoneos;
				SWIFT_COMPILATION_MODE = wholemodule;
				SWIFT_OPTIMIZATION_LEVEL = "-O";
				VALIDATE_PRODUCT = YES;
			};
			name = Release;
		};
		B8CA68C7276CF80F006BD263 /* Debug */ = {
			isa = XCBuildConfiguration;
			buildSettings = {
				ASSETCATALOG_COMPILER_APPICON_NAME = AppIcon;
				ASSETCATALOG_COMPILER_GLOBAL_ACCENT_COLOR_NAME = AccentColor;
				CODE_SIGN_STYLE = Automatic;
				CURRENT_PROJECT_VERSION = 1;
				GENERATE_INFOPLIST_FILE = YES;
				INFOPLIST_FILE = FibonacciHomework/Info.plist;
				INFOPLIST_KEY_UIApplicationSupportsIndirectInputEvents = YES;
				INFOPLIST_KEY_UILaunchStoryboardName = LaunchScreen;
				INFOPLIST_KEY_UIMainStoryboardFile = Main;
				INFOPLIST_KEY_UISupportedInterfaceOrientations_iPad = "UIInterfaceOrientationPortrait UIInterfaceOrientationPortraitUpsideDown UIInterfaceOrientationLandscapeLeft UIInterfaceOrientationLandscapeRight";
				INFOPLIST_KEY_UISupportedInterfaceOrientations_iPhone = "UIInterfaceOrientationPortrait UIInterfaceOrientationLandscapeLeft UIInterfaceOrientationLandscapeRight";
				LD_RUNPATH_SEARCH_PATHS = (
					"$(inherited)",
					"@executable_path/Frameworks",
				);
				MARKETING_VERSION = 1.0;
				PRODUCT_BUNDLE_IDENTIFIER = info.FibonacciHomework;
				PRODUCT_NAME = "$(TARGET_NAME)";
				SWIFT_EMIT_LOC_STRINGS = YES;
				SWIFT_VERSION = 5.0;
				TARGETED_DEVICE_FAMILY = "1,2";
			};
			name = Debug;
		};
		B8CA68C8276CF80F006BD263 /* Release */ = {
			isa = XCBuildConfiguration;
			buildSettings = {
				ASSETCATALOG_COMPILER_APPICON_NAME = AppIcon;
				ASSETCATALOG_COMPILER_GLOBAL_ACCENT_COLOR_NAME = AccentColor;
				CODE_SIGN_STYLE = Automatic;
				CURRENT_PROJECT_VERSION = 1;
				GENERATE_INFOPLIST_FILE = YES;
				INFOPLIST_FILE = FibonacciHomework/Info.plist;
				INFOPLIST_KEY_UIApplicationSupportsIndirectInputEvents = YES;
				INFOPLIST_KEY_UILaunchStoryboardName = LaunchScreen;
				INFOPLIST_KEY_UIMainStoryboardFile = Main;
				INFOPLIST_KEY_UISupportedInterfaceOrientations_iPad = "UIInterfaceOrientationPortrait UIInterfaceOrientationPortraitUpsideDown UIInterfaceOrientationLandscapeLeft UIInterfaceOrientationLandscapeRight";
				INFOPLIST_KEY_UISupportedInterfaceOrientations_iPhone = "UIInterfaceOrientationPortrait UIInterfaceOrientationLandscapeLeft UIInterfaceOrientationLandscapeRight";
				LD_RUNPATH_SEARCH_PATHS = (
					"$(inherited)",
					"@executable_path/Frameworks",
				);
				MARKETING_VERSION = 1.0;
				PRODUCT_BUNDLE_IDENTIFIER = info.FibonacciHomework;
				PRODUCT_NAME = "$(TARGET_NAME)";
				SWIFT_EMIT_LOC_STRINGS = YES;
				SWIFT_VERSION = 5.0;
				TARGETED_DEVICE_FAMILY = "1,2";
			};
			name = Release;
		};
		B8CA68CA276CF80F006BD263 /* Debug */ = {
			isa = XCBuildConfiguration;
			buildSettings = {
				ALWAYS_EMBED_SWIFT_STANDARD_LIBRARIES = YES;
				BUNDLE_LOADER = "$(TEST_HOST)";
				CODE_SIGN_STYLE = Automatic;
				CURRENT_PROJECT_VERSION = 1;
				GENERATE_INFOPLIST_FILE = YES;
				IPHONEOS_DEPLOYMENT_TARGET = 15.0;
				LD_RUNPATH_SEARCH_PATHS = (
					"$(inherited)",
					"@executable_path/Frameworks",
					"@loader_path/Frameworks",
				);
				MARKETING_VERSION = 1.0;
				PRODUCT_BUNDLE_IDENTIFIER = info.FibonacciHomeworkTests;
				PRODUCT_NAME = "$(TARGET_NAME)";
				SWIFT_EMIT_LOC_STRINGS = NO;
				SWIFT_VERSION = 5.0;
				TARGETED_DEVICE_FAMILY = "1,2";
				TEST_HOST = "$(BUILT_PRODUCTS_DIR)/FibonacciHomework.app/FibonacciHomework";
			};
			name = Debug;
		};
		B8CA68CB276CF80F006BD263 /* Release */ = {
			isa = XCBuildConfiguration;
			buildSettings = {
				ALWAYS_EMBED_SWIFT_STANDARD_LIBRARIES = YES;
				BUNDLE_LOADER = "$(TEST_HOST)";
				CODE_SIGN_STYLE = Automatic;
				CURRENT_PROJECT_VERSION = 1;
				GENERATE_INFOPLIST_FILE = YES;
				IPHONEOS_DEPLOYMENT_TARGET = 15.0;
				LD_RUNPATH_SEARCH_PATHS = (
					"$(inherited)",
					"@executable_path/Frameworks",
					"@loader_path/Frameworks",
				);
				MARKETING_VERSION = 1.0;
				PRODUCT_BUNDLE_IDENTIFIER = info.FibonacciHomeworkTests;
				PRODUCT_NAME = "$(TARGET_NAME)";
				SWIFT_EMIT_LOC_STRINGS = NO;
				SWIFT_VERSION = 5.0;
				TARGETED_DEVICE_FAMILY = "1,2";
				TEST_HOST = "$(BUILT_PRODUCTS_DIR)/FibonacciHomework.app/FibonacciHomework";
			};
			name = Release;
		};
		B8CA68CD276CF80F006BD263 /* Debug */ = {
			isa = XCBuildConfiguration;
			buildSettings = {
				ALWAYS_EMBED_SWIFT_STANDARD_LIBRARIES = YES;
				CODE_SIGN_STYLE = Automatic;
				CURRENT_PROJECT_VERSION = 1;
				GENERATE_INFOPLIST_FILE = YES;
				LD_RUNPATH_SEARCH_PATHS = (
					"$(inherited)",
					"@executable_path/Frameworks",
					"@loader_path/Frameworks",
				);
				MARKETING_VERSION = 1.0;
				PRODUCT_BUNDLE_IDENTIFIER = info.FibonacciHomeworkUITests;
				PRODUCT_NAME = "$(TARGET_NAME)";
				SWIFT_EMIT_LOC_STRINGS = NO;
				SWIFT_VERSION = 5.0;
				TARGETED_DEVICE_FAMILY = "1,2";
				TEST_TARGET_NAME = FibonacciHomework;
			};
			name = Debug;
		};
		B8CA68CE276CF80F006BD263 /* Release */ = {
			isa = XCBuildConfiguration;
			buildSettings = {
				ALWAYS_EMBED_SWIFT_STANDARD_LIBRARIES = YES;
				CODE_SIGN_STYLE = Automatic;
				CURRENT_PROJECT_VERSION = 1;
				GENERATE_INFOPLIST_FILE = YES;
				LD_RUNPATH_SEARCH_PATHS = (
					"$(inherited)",
					"@executable_path/Frameworks",
					"@loader_path/Frameworks",
				);
				MARKETING_VERSION = 1.0;
				PRODUCT_BUNDLE_IDENTIFIER = info.FibonacciHomeworkUITests;
				PRODUCT_NAME = "$(TARGET_NAME)";
				SWIFT_EMIT_LOC_STRINGS = NO;
				SWIFT_VERSION = 5.0;
				TARGETED_DEVICE_FAMILY = "1,2";
				TEST_TARGET_NAME = FibonacciHomework;
			};
			name = Release;
		};
/* End XCBuildConfiguration section */

/* Begin XCConfigurationList section */
		B8CA6897276CF80C006BD263 /* Build configuration list for PBXProject "FibonacciHomework" */ = {
			isa = XCConfigurationList;
			buildConfigurations = (
				B8CA68C4276CF80F006BD263 /* Debug */,
				B8CA68C5276CF80F006BD263 /* Release */,
			);
			defaultConfigurationIsVisible = 0;
			defaultConfigurationName = Release;
		};
		B8CA68C6276CF80F006BD263 /* Build configuration list for PBXNativeTarget "FibonacciHomework" */ = {
			isa = XCConfigurationList;
			buildConfigurations = (
				B8CA68C7276CF80F006BD263 /* Debug */,
				B8CA68C8276CF80F006BD263 /* Release */,
			);
			defaultConfigurationIsVisible = 0;
			defaultConfigurationName = Release;
		};
		B8CA68C9276CF80F006BD263 /* Build configuration list for PBXNativeTarget "FibonacciHomeworkTests" */ = {
			isa = XCConfigurationList;
			buildConfigurations = (
				B8CA68CA276CF80F006BD263 /* Debug */,
				B8CA68CB276CF80F006BD263 /* Release */,
			);
			defaultConfigurationIsVisible = 0;
			defaultConfigurationName = Release;
		};
		B8CA68CC276CF80F006BD263 /* Build configuration list for PBXNativeTarget "FibonacciHomeworkUITests" */ = {
			isa = XCConfigurationList;
			buildConfigurations = (
				B8CA68CD276CF80F006BD263 /* Debug */,
				B8CA68CE276CF80F006BD263 /* Release */,
			);
			defaultConfigurationIsVisible = 0;
			defaultConfigurationName = Release;
		};
/* End XCConfigurationList section */
	};
	rootObject = B8CA6894276CF80C006BD263 /* Project object */;
}
